
Microsoft Visual Studio Solution File, Format Version 12.00
# Visual Studio Version 16
VisualStudioVersion = 16.0.29230.47
MinimumVisualStudioVersion = 10.0.40219.1
Project("{FAE04EC0-301F-11D3-BF4B-00C04F79EFBC}") = "ChiaSeCode-TTV", "ChiaSeCode-TTV\ChiaSeCode-TTV.csproj", "{DD59E0BC-2DE4-4924-95A8-4E4635733A07}"
EndProject
Global
	GlobalSection(SolutionConfigurationPlatforms) = preSolution
		Debug|Any CPU = Debug|Any CPU
		Release|Any CPU = Release|Any CPU
	EndGlobalSection
	GlobalSection(ProjectConfigurationPlatforms) = postSolution
		{DD59E0BC-2DE4-4924-95A8-4E4635733A07}.Debug|Any CPU.ActiveCfg = Debug|Any CPU
		{DD59E0BC-2DE4-4924-95A8-4E4635733A07}.Debug|Any CPU.Build.0 = Debug|Any CPU
		{DD59E0BC-2DE4-4924-95A8-4E4635733A07}.Release|Any CPU.ActiveCfg = Release|Any CPU
		{DD59E0BC-2DE4-4924-95A8-4E4635733A07}.Release|Any CPU.Build.0 = Release|Any CPU
	EndGlobalSection
	GlobalSection(SolutionProperties) = preSolution
		HideSolutionNode = FALSE
	EndGlobalSection
	GlobalSection(ExtensibilityGlobals) = postSolution
		SolutionGuid = {7885D092-F207-43BE-903B-B5C73D977FF4}
	EndGlobalSection
EndGlobal
